Microsoft Visual Studio Solution File, Format Version 12.00
# Visual Studio 15
VisualStudioVersion = 15.0.27130.2036
MinimumVisualStudioVersion = 10.0.40219.1
Project("{9A19103F-16F7-4668-BE54-9A1E7A4F7556}") = "ImGui.NET", "ImGui.NET\ImGui.NET.csproj", "{AD548A1D-01B2-410E-B3ED-ADAC05C3C4A3}"
EndProject
Project("{9A19103F-16F7-4668-BE54-9A1E7A4F7556}") = "ImGui.NET.SampleProgram", "ImGui.NET.SampleProgram\ImGui.NET.SampleProgram.csproj", "{D6F62D30-7A37-43A1-BD5B-BE9A3D6F964C}"
EndProject
Project("{9A19103F-16F7-4668-BE54-9A1E7A4F7556}") = "ImGui.NET.SampleProgram.XNA", "ImGui.NET.SampleProgram.XNA\ImGui.NET.SampleProgram.XNA.csproj", "{3024336E-9A19-475F-A95D-60A60C0B1C0D}"
EndProject
Project("{FAE04EC0-301F-11D3-BF4B-00C04F79EFBC}") = "CodeGenerator", "CodeGenerator\CodeGenerator.csproj", "{62A4CFE3-C5F5-45F5-AD18-3F7E6739BD09}"
EndProject
Project("{FAE04EC0-301F-11D3-BF4B-00C04F79EFBC}") = "ImPlot.NET", "ImPlot.NET\ImPlot.NET.csproj", "{817A9820-E750-43AB-B89E-FD51E58ACBF4}"
EndProject
Project("{FAE04EC0-301F-11D3-BF4B-00C04F79EFBC}") = "ImNodes.NET", "ImNodes.NET\ImNodes.NET.csproj", "{2786BF48-AE57-44EE-9E28-401AE88E972D}"
EndProject
Project("{FAE04EC0-301F-11D3-BF4B-00C04F79EFBC}") = "ImGuizmo.NET", "ImGuizmo.NET\ImGuizmo.NET.csproj", "{760568AB-DCC9-443E-ADFA-2B06B2E2B421}"
EndProject
Project("{FAE04EC0-301F-11D3-BF4B-00C04F79EFBC}") = "TestDotNetStandardLib", "TestDotNetStandardLib\TestDotNetStandardLib.csproj", "{867D8763-15A2-40E4-AAFD-43B77AC52154}"
EndProject
Global
	GlobalSection(SolutionConfigurationPlatforms) = preSolution
		Debug|Any CPU = Debug|Any CPU
		Debug|x64 = Debug|x64
		Debug|x86 = Debug|x86
		Release|Any CPU = Release|Any CPU
		Release|x64 = Release|x64
		Release|x86 = Release|x86
	EndGlobalSection
	GlobalSection(ProjectConfigurationPlatforms) = postSolution
		{AD548A1D-01B2-410E-B3ED-ADAC05C3C4A3}.Debug|Any CPU.ActiveCfg = Debug|Any CPU
		{AD548A1D-01B2-410E-B3ED-ADAC05C3C4A3}.Debug|Any CPU.Build.0 = Debug|Any CPU
		{AD548A1D-01B2-410E-B3ED-ADAC05C3C4A3}.Debug|x64.ActiveCfg = Debug|Any CPU
		{AD548A1D-01B2-410E-B3ED-ADAC05C3C4A3}.Debug|x64.Build.0 = Debug|Any CPU
		{AD548A1D-01B2-410E-B3ED-ADAC05C3C4A3}.Debug|x86.ActiveCfg = Debug|Any CPU
		{AD548A1D-01B2-410E-B3ED-ADAC05C3C4A3}.Debug|x86.Build.0 = Debug|Any CPU
		{AD548A1D-01B2-410E-B3ED-ADAC05C3C4A3}.Release|Any CPU.ActiveCfg = Release|Any CPU
		{AD548A1D-01B2-410E-B3ED-ADAC05C3C4A3}.Release|Any CPU.Build.0 = Release|Any CPU
		{AD548A1D-01B2-410E-B3ED-ADAC05C3C4A3}.Release|x64.ActiveCfg = Release|Any CPU
		{AD548A1D-01B2-410E-B3ED-ADAC05C3C4A3}.Release|x64.Build.0 = Release|Any CPU
		{AD548A1D-01B2-410E-B3ED-ADAC05C3C4A3}.Release|x86.ActiveCfg = Release|Any CPU
		{AD548A1D-01B2-410E-B3ED-ADAC05C3C4A3}.Release|x86.Build.0 = Release|Any CPU
		{D6F62D30-7A37-43A1-BD5B-BE9A3D6F964C}.Debug|Any CPU.ActiveCfg = Debug|Any CPU
		{D6F62D30-7A37-43A1-BD5B-BE9A3D6F964C}.Debug|Any CPU.Build.0 = Debug|Any CPU
		{D6F62D30-7A37-43A1-BD5B-BE9A3D6F964C}.Debug|x64.ActiveCfg = Debug|Any CPU
		{D6F62D30-7A37-43A1-BD5B-BE9A3D6F964C}.Debug|x64.Build.0 = Debug|Any CPU
		{D6F62D30-7A37-43A1-BD5B-BE9A3D6F964C}.Debug|x86.ActiveCfg = Debug|Any CPU
		{D6F62D30-7A37-43A1-BD5B-BE9A3D6F964C}.Debug|x86.Build.0 = Debug|Any CPU
		{D6F62D30-7A37-43A1-BD5B-BE9A3D6F964C}.Release|Any CPU.ActiveCfg = Release|Any CPU
		{D6F62D30-7A37-43A1-BD5B-BE9A3D6F964C}.Release|Any CPU.Build.0 = Release|Any CPU
		{D6F62D30-7A37-43A1-BD5B-BE9A3D6F964C}.Release|x64.ActiveCfg = Release|Any CPU
		{D6F62D30-7A37-43A1-BD5B-BE9A3D6F964C}.Release|x64.Build.0 = Release|Any CPU
		{D6F62D30-7A37-43A1-BD5B-BE9A3D6F964C}.Release|x86.ActiveCfg = Release|Any CPU
		{D6F62D30-7A37-43A1-BD5B-BE9A3D6F964C}.Release|x86.Build.0 = Release|Any CPU
		{3024336E-9A19-475F-A95D-60A60C0B1C0D}.Debug|Any CPU.ActiveCfg = Debug|Any CPU
		{3024336E-9A19-475F-A95D-60A60C0B1C0D}.Debug|Any CPU.Build.0 = Debug|Any CPU
		{3024336E-9A19-475F-A95D-60A60C0B1C0D}.Debug|x64.ActiveCfg = Debug|Any CPU
		{3024336E-9A19-475F-A95D-60A60C0B1C0D}.Debug|x64.Build.0 = Debug|Any CPU
		{3024336E-9A19-475F-A95D-60A60C0B1C0D}.Debug|x86.ActiveCfg = Debug|Any CPU
		{3024336E-9A19-475F-A95D-60A60C0B1C0D}.Debug|x86.Build.0 = Debug|Any CPU
		{3024336E-9A19-475F-A95D-60A60C0B1C0D}.Release|Any CPU.ActiveCfg = Release|Any CPU
		{3024336E-9A19-475F-A95D-60A60C0B1C0D}.Release|Any CPU.Build.0 = Release|Any CPU
		{3024336E-9A19-475F-A95D-60A60C0B1C0D}.Release|x64.ActiveCfg = Release|Any CPU
		{3024336E-9A19-475F-A95D-60A60C0B1C0D}.Release|x64.Build.0 = Release|Any CPU
		{3024336E-9A19-475F-A95D-60A60C0B1C0D}.Release|x86.ActiveCfg = Release|Any CPU
		{3024336E-9A19-475F-A95D-60A60C0B1C0D}.Release|x86.Build.0 = Release|Any CPU
		{62A4CFE3-C5F5-45F5-AD18-3F7E6739BD09}.Debug|Any CPU.ActiveCfg = Debug|Any CPU
		{62A4CFE3-C5F5-45F5-AD18-3F7E6739BD09}.Debug|Any CPU.Build.0 = Debug|Any CPU
		{62A4CFE3-C5F5-45F5-AD18-3F7E6739BD09}.Debug|x64.ActiveCfg = Debug|Any CPU
		{62A4CFE3-C5F5-45F5-AD18-3F7E6739BD09}.Debug|x64.Build.0 = Debug|Any CPU
		{62A4CFE3-C5F5-45F5-AD18-3F7E6739BD09}.Debug|x86.ActiveCfg = Debug|Any CPU
		{62A4CFE3-C5F5-45F5-AD18-3F7E6739BD09}.Debug|x86.Build.0 = Debug|Any CPU
		{62A4CFE3-C5F5-45F5-AD18-3F7E6739BD09}.Release|Any CPU.ActiveCfg = Release|Any CPU
		{62A4CFE3-C5F5-45F5-AD18-3F7E6739BD09}.Release|Any CPU.Build.0 = Release|Any CPU
		{62A4CFE3-C5F5-45F5-AD18-3F7E6739BD09}.Release|x64.ActiveCfg = Release|Any CPU
		{62A4CFE3-C5F5-45F5-AD18-3F7E6739BD09}.Release|x64.Build.0 = Release|Any CPU
		{62A4CFE3-C5F5-45F5-AD18-3F7E6739BD09}.Release|x86.ActiveCfg = Release|Any CPU
		{62A4CFE3-C5F5-45F5-AD18-3F7E6739BD09}.Release|x86.Build.0 = Release|Any CPU
		{817A9820-E750-43AB-B89E-FD51E58ACBF4}.Debug|Any CPU.ActiveCfg = Debug|Any CPU
		{817A9820-E750-43AB-B89E-FD51E58ACBF4}.Debug|Any CPU.Build.0 = Debug|Any CPU
		{817A9820-E750-43AB-B89E-FD51E58ACBF4}.Debug|x64.ActiveCfg = Debug|Any CPU
		{817A9820-E750-43AB-B89E-FD51E58ACBF4}.Debug|x64.Build.0 = Debug|Any CPU
		{817A9820-E750-43AB-B89E-FD51E58ACBF4}.Debug|x86.ActiveCfg = Debug|Any CPU
		{817A9820-E750-43AB-B89E-FD51E58ACBF4}.Debug|x86.Build.0 = Debug|Any CPU
		{817A9820-E750-43AB-B89E-FD51E58ACBF4}.Release|Any CPU.ActiveCfg = Release|Any CPU
		{817A9820-E750-43AB-B89E-FD51E58ACBF4}.Release|Any CPU.Build.0 = Release|Any CPU
		{817A9820-E750-43AB-B89E-FD51E58ACBF4}.Release|x64.ActiveCfg = Release|Any CPU
		{817A9820-E750-43AB-B89E-FD51E58ACBF4}.Release|x64.Build.0 = Release|Any CPU
		{817A9820-E750-43AB-B89E-FD51E58ACBF4}.Release|x86.ActiveCfg = Release|Any CPU
		{817A9820-E750-43AB-B89E-FD51E58ACBF4}.Release|x86.Build.0 = Release|Any CPU
		{2786BF48-AE57-44EE-9E28-401AE88E972D}.Debug|Any CPU.ActiveCfg = Debug|Any CPU
		{2786BF48-AE57-44EE-9E28-401AE88E972D}.Debug|Any CPU.Build.0 = Debug|Any CPU
		{2786BF48-AE57-44EE-9E28-401AE88E972D}.Debug|x64.ActiveCfg = Debug|Any CPU
		{2786BF48-AE57-44EE-9E28-401AE88E972D}.Debug|x64.Build.0 = Debug|Any CPU
		{2786BF48-AE57-44EE-9E28-401AE88E972D}.Debug|x86.ActiveCfg = Debug|Any CPU
		{2786BF48-AE57-44EE-9E28-401AE88E972D}.Debug|x86.Build.0 = Debug|Any CPU
		{2786BF48-AE57-44EE-9E28-401AE88E972D}.Release|Any CPU.ActiveCfg = Release|Any CPU
		{2786BF48-AE57-44EE-9E28-401AE88E972D}.Release|Any CPU.Build.0 = Release|Any CPU
		{2786BF48-AE57-44EE-9E28-401AE88E972D}.Release|x64.ActiveCfg = Release|Any CPU
		{2786BF48-AE57-44EE-9E28-401AE88E972D}.Release|x64.Build.0 = Release|Any CPU
		{2786BF48-AE57-44EE-9E28-401AE88E972D}.Release|x86.ActiveCfg = Release|Any CPU
		{2786BF48-AE57-44EE-9E28-401AE88E972D}.Release|x86.Build.0 = Release|Any CPU
		{760568AB-DCC9-443E-ADFA-2B06B2E2B421}.Debug|Any CPU.ActiveCfg = Debug|Any CPU
		{760568AB-DCC9-443E-ADFA-2B06B2E2B421}.Debug|Any CPU.Build.0 = Debug|Any CPU
		{760568AB-DCC9-443E-ADFA-2B06B2E2B421}.Debug|x64.ActiveCfg = Debug|Any CPU
		{760568AB-DCC9-443E-ADFA-2B06B2E2B421}.Debug|x64.Build.0 = Debug|Any CPU
		{760568AB-DCC9-443E-ADFA-2B06B2E2B421}.Debug|x86.ActiveCfg = Debug|Any CPU
		{760568AB-DCC9-443E-ADFA-2B06B2E2B421}.Debug|x86.Build.0 = Debug|Any CPU
		{760568AB-DCC9-443E-ADFA-2B06B2E2B421}.Release|Any CPU.ActiveCfg = Release|Any CPU
		{760568AB-DCC9-443E-ADFA-2B06B2E2B421}.Release|Any CPU.Build.0 = Release|Any CPU
		{760568AB-DCC9-443E-ADFA-2B06B2E2B421}.Release|x64.ActiveCfg = Release|Any CPU
		{760568AB-DCC9-443E-ADFA-2B06B2E2B421}.Release|x64.Build.0 = Release|Any CPU
		{760568AB-DCC9-443E-ADFA-2B06B2E2B421}.Release|x86.ActiveCfg = Release|Any CPU
		{760568AB-DCC9-443E-ADFA-2B06B2E2B421}.Release|x86.Build.0 = Release|Any CPU
		{867D8763-15A2-40E4-AAFD-43B77AC52154}.Debug|Any CPU.ActiveCfg = Debug|Any CPU
		{867D8763-15A2-40E4-AAFD-43B77AC52154}.Debug|Any CPU.Build.0 = Debug|Any CPU
		{867D8763-15A2-40E4-AAFD-43B77AC52154}.Debug|x64.ActiveCfg = Debug|Any CPU
		{867D8763-15A2-40E4-AAFD-43B77AC52154}.Debug|x64.Build.0 = Debug|Any CPU
		{867D8763-15A2-40E4-AAFD-43B77AC52154}.Debug|x86.ActiveCfg = Debug|Any CPU
		{867D8763-15A2-40E4-AAFD-43B77AC52154}.Debug|x86.Build.0 = Debug|Any CPU
		{867D8763-15A2-40E4-AAFD-43B77AC52154}.Release|Any CPU.ActiveCfg = Release|Any CPU
		{867D8763-15A2-40E4-AAFD-43B77AC52154}.Release|Any CPU.Build.0 = Release|Any CPU
		{867D8763-15A2-40E4-AAFD-43B77AC52154}.Release|x64.ActiveCfg = Release|Any CPU
		{867D8763-15A2-40E4-AAFD-43B77AC52154}.Release|x64.Build.0 = Release|Any CPU
		{867D8763-15A2-40E4-AAFD-43B77AC52154}.Release|x86.ActiveCfg = Release|Any CPU
		{867D8763-15A2-40E4-AAFD-43B77AC52154}.Release|x86.Build.0 = Release|Any CPU
	EndGlobalSection
	GlobalSection(SolutionProperties) = preSolution
		HideSolutionNode = FALSE
	EndGlobalSection
	GlobalSection(ExtensibilityGlobals) = postSolution
		SolutionGuid = {8B446794-E0C0-469F-ACC9-6650375F8BCF}
	EndGlobalSection
EndGlobal
